// !$*UTF8*$!
{
	archiveVersion = 1;
	classes = {
	};
	objectVersion = 77;
	objects = {

/* Begin PBXBuildFile section */
		13E458BE7B29FB9402EBF563 /* ScreenTests.swift in Sources */ = {isa = PBXBuildFile; fileRef = 446EED97021901C80DE8243E /* ScreenTests.swift */; };
		156E7AB9FEFEAE96BDD7D5DB /* HowItWorks.md in Resources */ = {isa = PBXBuildFile; fileRef = 6BD311D35F38F0FEFC26141A /* HowItWorks.md */; };
		22C9DAD4998A986F0473429B /* ParagonWidgets.appex in Embed Foundation Extensions */ = {isa = PBXBuildFile; fileRef = 1847519BE0051EFAB44AA4D3 /* ParagonWidgets.appex */; settings = {ATTRIBUTES = (RemoveHeadersOnCopy, ); }; };
		257B573BA8DBE27CEC19DF21 /* ParagonCore in Frameworks */ = {isa = PBXBuildFile; productRef = F7C362F03D42E9BC8FBE7A65 /* ParagonCore */; };
		3752069BA243D43F74CAC588 /* ParagonCore in Frameworks */ = {isa = PBXBuildFile; productRef = B5861B3AD6F50041A1F8A8B9 /* ParagonCore */; };
		627482B9308CA63E70129D95 /* VersionHistory.md in Resources */ = {isa = PBXBuildFile; fileRef = E6919AFBC2371667D46DD399 /* VersionHistory.md */; };
		71CEC18001CF8A02059B9DED /* ParagonCore in Frameworks */ = {isa = PBXBuildFile; productRef = 972619FBA5280A0A9364E4D7 /* ParagonCore */; };
		C780D825F432B4F713C02880 /* ParagonShare.appex in Embed Foundation Extensions */ = {isa = PBXBuildFile; fileRef = 2714DD3A4254950C4A439829 /* ParagonShare.appex */; platformFilter = ios; settings = {ATTRIBUTES = (RemoveHeadersOnCopy, ); }; };
/* End PBXBuildFile section */

/* Begin PBXContainerItemProxy section */
		820C4CE7CD932087033EEA87 /* PBXContainerItemProxy */ = {
			isa = PBXContainerItemProxy;
			containerPortal = E443F4D613DDF4FD685C9FC3 /* Project object */;
			proxyType = 1;
			remoteGlobalIDString = 76AF015D317DBBD896B2C5D2;
			remoteInfo = Paragon;
		};
		A26DF654641CA03FC2DA1B0E /* PBXContainerItemProxy */ = {
			isa = PBXContainerItemProxy;
			containerPortal = E443F4D613DDF4FD685C9FC3 /* Project object */;
			proxyType = 1;
			remoteGlobalIDString = 3A86F7AB02F0AE0C81EA13CA;
			remoteInfo = ParagonWidgets;
		};
		B352280E005DC0325DCD14CF /* PBXContainerItemProxy */ = {
			isa = PBXContainerItemProxy;
			containerPortal = E443F4D613DDF4FD685C9FC3 /* Project object */;
			proxyType = 1;
			remoteGlobalIDString = 0505718A6B71861742C3E58F;
			remoteInfo = ParagonShare;
		};
/* End PBXContainerItemProxy section */

/* Begin PBXCopyFilesBuildPhase section */
		D85D511815C27E59C4A94D1D /* Embed Foundation Extensions */ = {
			isa = PBXCopyFilesBuildPhase;
			buildActionMask = 2147483647;
			dstPath = "";
			dstSubfolderSpec = 13;
			files = (
				C780D825F432B4F713C02880 /* ParagonShare.appex in Embed Foundation Extensions */,
				22C9DAD4998A986F0473429B /* ParagonWidgets.appex in Embed Foundation Extensions */,
			);
			name = "Embed Foundation Extensions";
			runOnlyForDeploymentPostprocessing = 0;
		};
/* End PBXCopyFilesBuildPhase section */

/* Begin PBXFileReference section */
		1847519BE0051EFAB44AA4D3 /* ParagonWidgets.appex */ = {isa = PBXFileReference; includeInIndex = 0; lastKnownFileType = "wrapper.app-extension"; path = ParagonWidgets.appex; sourceTree = BUILT_PRODUCTS_DIR; };
		1948F57C2B6673ACAA4E203E /* Paragon.app */ = {isa = PBXFileReference; includeInIndex = 0; lastKnownFileType = wrapper.application; path = Paragon.app; sourceTree = BUILT_PRODUCTS_DIR; };
		2714DD3A4254950C4A439829 /* ParagonShare.appex */ = {isa = PBXFileReference; includeInIndex = 0; lastKnownFileType = "wrapper.app-extension"; path = ParagonShare.appex; sourceTree = BUILT_PRODUCTS_DIR; };
		446EED97021901C80DE8243E /* ScreenTests.swift */ = {isa = PBXFileReference; lastKnownFileType = sourcecode.swift; path = ScreenTests.swift; sourceTree = "<group>"; };
		55B3B1883D9DE44B343B78C6 /* Core */ = {isa = PBXFileReference; lastKnownFileType = folder; name = Core; path = Core; sourceTree = SOURCE_ROOT; };
		6BD311D35F38F0FEFC26141A /* HowItWorks.md */ = {isa = PBXFileReference; lastKnownFileType = net.daringfireball.markdown; path = HowItWorks.md; sourceTree = "<group>"; };
		78AE22FC8C9C0A80A3D7CF78 /* ParagonUITests.xctest */ = {isa = PBXFileReference; includeInIndex = 0; lastKnownFileType = wrapper.cfbundle; path = ParagonUITests.xctest; sourceTree = BUILT_PRODUCTS_DIR; };
		E6919AFBC2371667D46DD399 /* VersionHistory.md */ = {isa = PBXFileReference; lastKnownFileType = net.daringfireball.markdown; path = VersionHistory.md; sourceTree = "<group>"; };
/* End PBXFileReference section */

/* Begin PBXFileSystemSynchronizedRootGroup section */
		31232FE96D5ABE88FA583233 /* ParagonShare */ = {
			isa = PBXFileSystemSynchronizedRootGroup;
			explicitFileTypes = {
			};
			explicitFolders = (
			);
			name = ParagonShare;
			path = ParagonShare;
			sourceTree = "<group>";
		};
		42A707B22CE1D9EF04587CDC /* Paragon */ = {
			isa = PBXFileSystemSynchronizedRootGroup;
			explicitFileTypes = {
			};
			explicitFolders = (
			);
			name = Paragon;
			path = Paragon;
			sourceTree = "<group>";
		};
		FE3F513E78C0C7E220632898 /* ParagonWidgets */ = {
			isa = PBXFileSystemSynchronizedRootGroup;
			explicitFileTypes = {
			};
			explicitFolders = (
			);
			name = ParagonWidgets;
			path = ParagonWidgets;
			sourceTree = "<group>";
		};
/* End PBXFileSystemSynchronizedRootGroup section */

/* Begin PBXFrameworksBuildPhase section */
		A05BCA72B353D0EF0C5C39C0 /* Frameworks */ = {
			isa = PBXFrameworksBuildPhase;
			buildActionMask = 2147483647;
			files = (
				71CEC18001CF8A02059B9DED /* ParagonCore in Frameworks */,
			);
			runOnlyForDeploymentPostprocessing = 0;
		};
		D3D5FC36D9B7CE315BA35EC1 /* Frameworks */ = {
			isa = PBXFrameworksBuildPhase;
			buildActionMask = 2147483647;
			files = (
				3752069BA243D43F74CAC588 /* ParagonCore in Frameworks */,
			);
			runOnlyForDeploymentPostprocessing = 0;
		};
		F245E2CC5F63DFF1695E1923 /* Frameworks */ = {
			isa = PBXFrameworksBuildPhase;
			buildActionMask = 2147483647;
			files = (
				257B573BA8DBE27CEC19DF21 /* ParagonCore in Frameworks */,
			);
			runOnlyForDeploymentPostprocessing = 0;
		};
/* End PBXFrameworksBuildPhase section */

/* Begin PBXGroup section */
		111019AC4496CC9FD738C077 /* App */ = {
			isa = PBXGroup;
			children = (
				42A707B22CE1D9EF04587CDC /* Paragon */,
				31232FE96D5ABE88FA583233 /* ParagonShare */,
				FE3F513E78C0C7E220632898 /* ParagonWidgets */,
			);
			path = App;
			sourceTree = "<group>";
		};
		1E845C6854A70724BDF46B81 /* ParagonUITests */ = {
			isa = PBXGroup;
			children = (
				446EED97021901C80DE8243E /* ScreenTests.swift */,
			);
			path = ParagonUITests;
			sourceTree = "<group>";
		};
		59832F9D12253109BCFB8B6E = {
			isa = PBXGroup;
			children = (
				111019AC4496CC9FD738C077 /* App */,
				611DF020B8C6CB1EE5F91AD6 /* Docs */,
				6E714B112B36EFAD1E166C83 /* Packages */,
				B617BE351309885F2699F3B9 /* Tests */,
				5FE500A051BF8D4B5BA637A5 /* Products */,
			);
			sourceTree = "<group>";
		};
		5FE500A051BF8D4B5BA637A5 /* Products */ = {
			isa = PBXGroup;
			children = (
				1948F57C2B6673ACAA4E203E /* Paragon.app */,
				2714DD3A4254950C4A439829 /* ParagonShare.appex */,
				78AE22FC8C9C0A80A3D7CF78 /* ParagonUITests.xctest */,
				1847519BE0051EFAB44AA4D3 /* ParagonWidgets.appex */,
			);
			name = Products;
			sourceTree = "<group>";
		};
		611DF020B8C6CB1EE5F91AD6 /* Docs */ = {
			isa = PBXGroup;
			children = (
				6BD311D35F38F0FEFC26141A /* HowItWorks.md */,
				E6919AFBC2371667D46DD399 /* VersionHistory.md */,
			);
			path = Docs;
			sourceTree = "<group>";
		};
		6E714B112B36EFAD1E166C83 /* Packages */ = {
			isa = PBXGroup;
			children = (
				55B3B1883D9DE44B343B78C6 /* Core */,
			);
			name = Packages;
			sourceTree = "<group>";
		};
		B617BE351309885F2699F3B9 /* Tests */ = {
			isa = PBXGroup;
			children = (
				1E845C6854A70724BDF46B81 /* ParagonUITests */,
			);
			path = Tests;
			sourceTree = "<group>";
		};
/* End PBXGroup section */

/* Begin PBXNativeTarget section */
		0505718A6B71861742C3E58F /* ParagonShare */ = {
			isa = PBXNativeTarget;
			buildConfigurationList = A3485FD07CE597EFBF394A55 /* Build configuration list for PBXNativeTarget "ParagonShare" */;
			buildPhases = (
				12F4C0250616572A7E9754A1 /* Sources */,
				2255219E2B352C82DA323471 /* Resources */,
				F245E2CC5F63DFF1695E1923 /* Frameworks */,
			);
			buildRules = (
			);
			dependencies = (
			);
			fileSystemSynchronizedGroups = (
				31232FE96D5ABE88FA583233 /* ParagonShare */,
			);
			name = ParagonShare;
			packageProductDependencies = (
				F7C362F03D42E9BC8FBE7A65 /* ParagonCore */,
			);
			productName = ParagonShare;
			productReference = 2714DD3A4254950C4A439829 /* ParagonShare.appex */;
			productType = "com.apple.product-type.app-extension";
		};
		3A86F7AB02F0AE0C81EA13CA /* ParagonWidgets */ = {
			isa = PBXNativeTarget;
			buildConfigurationList = CA7AFCBB0A9840807E2090CE /* Build configuration list for PBXNativeTarget "ParagonWidgets" */;
			buildPhases = (
				C4DA31366BBC9C425612F521 /* Sources */,
				A5CE4DD8DF12E503447CE8EA /* Resources */,
				A05BCA72B353D0EF0C5C39C0 /* Frameworks */,
			);
			buildRules = (
			);
			dependencies = (
			);
			fileSystemSynchronizedGroups = (
				FE3F513E78C0C7E220632898 /* ParagonWidgets */,
			);
			name = ParagonWidgets;
			packageProductDependencies = (
				972619FBA5280A0A9364E4D7 /* ParagonCore */,
			);
			productName = ParagonWidgets;
			productReference = 1847519BE0051EFAB44AA4D3 /* ParagonWidgets.appex */;
			productType = "com.apple.product-type.app-extension";
		};
		76AF015D317DBBD896B2C5D2 /* Paragon */ = {
			isa = PBXNativeTarget;
			buildConfigurationList = 9966875960BD6333B341EBD9 /* Build configuration list for PBXNativeTarget "Paragon" */;
			buildPhases = (
				48E9EDFCC1358F7249747B05 /* Sources */,
				13489FD4621A8BEEFCC2CD78 /* Resources */,
				D3D5FC36D9B7CE315BA35EC1 /* Frameworks */,
				D85D511815C27E59C4A94D1D /* Embed Foundation Extensions */,
			);
			buildRules = (
			);
			dependencies = (
				3446559631FFB62AB7EA844F /* PBXTargetDependency */,
				1EC535B0F7AA9A50892F2417 /* PBXTargetDependency */,
			);
			fileSystemSynchronizedGroups = (
				42A707B22CE1D9EF04587CDC /* Paragon */,
			);
			name = Paragon;
			packageProductDependencies = (
				B5861B3AD6F50041A1F8A8B9 /* ParagonCore */,
			);
			productName = Paragon;
			productReference = 1948F57C2B6673ACAA4E203E /* Paragon.app */;
			productType = "com.apple.product-type.application";
		};
		C1476D83766DB0F024A71FDB /* ParagonUITests */ = {
			isa = PBXNativeTarget;
			buildConfigurationList = AA7D661A5E43D84815A621E1 /* Build configuration list for PBXNativeTarget "ParagonUITests" */;
			buildPhases = (
				0B833D907F2FD9760482FF3D /* Sources */,
			);
			buildRules = (
			);
			dependencies = (
				8B11E3BCCCDA173A925DBC87 /* PBXTargetDependency */,
			);
			name = ParagonUITests;
			packageProductDependencies = (
			);
			productName = ParagonUITests;
			productReference = 78AE22FC8C9C0A80A3D7CF78 /* ParagonUITests.xctest */;
			productType = "com.apple.product-type.bundle.ui-testing";
		};
/* End PBXNativeTarget section */

/* Begin PBXProject section */
		E443F4D613DDF4FD685C9FC3 /* Project object */ = {
			isa = PBXProject;
			attributes = {
				BuildIndependentTargetsInParallel = YES;
				LastUpgradeCheck = 1430;
				TargetAttributes = {
					0505718A6B71861742C3E58F = {
						DevelopmentTeam = D24ENP83QQ;
						ProvisioningStyle = Automatic;
					};
					3A86F7AB02F0AE0C81EA13CA = {
						DevelopmentTeam = D24ENP83QQ;
						ProvisioningStyle = Automatic;
					};
					76AF015D317DBBD896B2C5D2 = {
						DevelopmentTeam = D24ENP83QQ;
						ProvisioningStyle = Automatic;
					};
					C1476D83766DB0F024A71FDB = {
						DevelopmentTeam = D24ENP83QQ;
						ProvisioningStyle = Automatic;
						TestTargetID = 76AF015D317DBBD896B2C5D2;
					};
				};
			};
			buildConfigurationList = 7473B3793B11DDF07233FDB0 /* Build configuration list for PBXProject "Paragon" */;
			developmentRegion = en;
			hasScannedForEncodings = 0;
			knownRegions = (
				Base,
				en,
			);
			mainGroup = 59832F9D12253109BCFB8B6E;
			minimizedProjectReferenceProxies = 1;
			packageReferences = (
				8EE218265CE233628555BBB3 /* XCLocalSwiftPackageReference "Core" */,
			);
			preferredProjectObjectVersion = 77;
			productRefGroup = 5FE500A051BF8D4B5BA637A5 /* Products */;
			projectDirPath = "";
			projectRoot = "";
			targets = (
				76AF015D317DBBD896B2C5D2 /* Paragon */,
				0505718A6B71861742C3E58F /* ParagonShare */,
				3A86F7AB02F0AE0C81EA13CA /* ParagonWidgets */,
				C1476D83766DB0F024A71FDB /* ParagonUITests */,
			);
		};
/* End PBXProject section */

/* Begin PBXResourcesBuildPhase section */
		13489FD4621A8BEEFCC2CD78 /* Resources */ = {
			isa = PBXResourcesBuildPhase;
			buildActionMask = 2147483647;
			files = (
				156E7AB9FEFEAE96BDD7D5DB /* HowItWorks.md in Resources */,
				627482B9308CA63E70129D95 /* VersionHistory.md in Resources */,
			);
			runOnlyForDeploymentPostprocessing = 0;
		};
		2255219E2B352C82DA323471 /* Resources */ = {
			isa = PBXResourcesBuildPhase;
			buildActionMask = 2147483647;
			files = (
			);
			runOnlyForDeploymentPostprocessing = 0;
		};
		A5CE4DD8DF12E503447CE8EA /* Resources */ = {
			isa = PBXResourcesBuildPhase;
			buildActionMask = 2147483647;
			files = (
			);
			runOnlyForDeploymentPostprocessing = 0;
		};
/* End PBXResourcesBuildPhase section */

/* Begin PBXSourcesBuildPhase section */
		0B833D907F2FD9760482FF3D /* Sources */ = {
			isa = PBXSourcesBuildPhase;
			buildActionMask = 2147483647;
			files = (
				13E458BE7B29FB9402EBF563 /* ScreenTests.swift in Sources */,
			);
			runOnlyForDeploymentPostprocessing = 0;
		};
		12F4C0250616572A7E9754A1 /* Sources */ = {
			isa = PBXSourcesBuildPhase;
			buildActionMask = 2147483647;
			files = (
			);
			runOnlyForDeploymentPostprocessing = 0;
		};
		48E9EDFCC1358F7249747B05 /* Sources */ = {
			isa = PBXSourcesBuildPhase;
			buildActionMask = 2147483647;
			files = (
			);
			runOnlyForDeploymentPostprocessing = 0;
		};
		C4DA31366BBC9C425612F521 /* Sources */ = {
			isa = PBXSourcesBuildPhase;
			buildActionMask = 2147483647;
			files = (
			);
			runOnlyForDeploymentPostprocessing = 0;
		};
/* End PBXSourcesBuildPhase section */

/* Begin PBXTargetDependency section */
		1EC535B0F7AA9A50892F2417 /* PBXTargetDependency */ = {
			isa = PBXTargetDependency;
			target = 3A86F7AB02F0AE0C81EA13CA /* ParagonWidgets */;
			targetProxy = A26DF654641CA03FC2DA1B0E /* PBXContainerItemProxy */;
		};
		3446559631FFB62AB7EA844F /* PBXTargetDependency */ = {
			isa = PBXTargetDependency;
			platformFilter = ios;
			target = 0505718A6B71861742C3E58F /* ParagonShare */;
			targetProxy = B352280E005DC0325DCD14CF /* PBXContainerItemProxy */;
		};
		8B11E3BCCCDA173A925DBC87 /* PBXTargetDependency */ = {
			isa = PBXTargetDependency;
			target = 76AF015D317DBBD896B2C5D2 /* Paragon */;
			targetProxy = 820C4CE7CD932087033EEA87 /* PBXContainerItemProxy */;
		};
/* End PBXTargetDependency section */

/* Begin XCBuildConfiguration section */
		01592B86CBB79FC18C358B30 /* Release */ = {
			isa = XCBuildConfiguration;
			buildSettings = {
				CODE_SIGN_ENTITLEMENTS = App/Config/ParagonShare/ParagonShare.entitlements;
				CODE_SIGN_STYLE = Automatic;
				CURRENT_PROJECT_VERSION = 1;
				DEVELOPMENT_TEAM = D24ENP83QQ;
				GENERATE_INFOPLIST_FILE = NO;
				INFOPLIST_FILE = App/Config/ParagonShare/Info.plist;
				LD_RUNPATH_SEARCH_PATHS = (
					"$(inherited)",
					"@executable_path/Frameworks",
					"@executable_path/../../Frameworks",
				);
				MARKETING_VERSION = 0.1.0;
				PRODUCT_BUNDLE_IDENTIFIER = com.schabbauer.AMSPara.Share;
				SDKROOT = iphoneos;
				SKIP_INSTALL = YES;
				SWIFT_VERSION = 5.0;
				TARGETED_DEVICE_FAMILY = "1,2";
			};
			name = Release;
		};
		1D3D48FE03FC11BDE9D1EF7D /* Debug */ = {
			isa = XCBuildConfiguration;
			buildSettings = {
				ASSETCATALOG_COMPILER_APPICON_NAME = AppIcon;
				CODE_SIGN_ENTITLEMENTS = App/Config/Paragon/Paragon.entitlements;
				"CODE_SIGN_ENTITLEMENTS[sdk=macosx*]" = "App/Config/Paragon/Paragon-macOS.entitlements";
				CODE_SIGN_IDENTITY = "iPhone Developer";
				CODE_SIGN_STYLE = Automatic;
				CURRENT_PROJECT_VERSION = 1;
				DEVELOPMENT_TEAM = D24ENP83QQ;
				ENABLE_HARDENED_RUNTIME = YES;
				GENERATE_INFOPLIST_FILE = NO;
				INFOPLIST_FILE = App/Config/Paragon/Info.plist;
				LD_RUNPATH_SEARCH_PATHS = (
					"$(inherited)",
					"@executable_path/Frameworks",
				);
				MARKETING_VERSION = 0.1.0;
				PRODUCT_BUNDLE_IDENTIFIER = com.schabbauer.AMSPara;
				PRODUCT_NAME = PARAGON;
				SDKROOT = auto;
				SUPPORTED_PLATFORMS = "iphoneos iphonesimulator macosx";
				SUPPORTS_MACCATALYST = NO;
				SUPPORTS_MAC_DESIGNED_FOR_IPHONE_IPAD = NO;
				SUPPORTS_XR_DESIGNED_FOR_IPHONE_IPAD = YES;
				SWIFT_VERSION = 5.0;
				TARGETED_DEVICE_FAMILY = "1,2";
			};
			name = Debug;
		};
		2FD8668999A7E318D4BBF86B /* Release */ = {
			isa = XCBuildConfiguration;
			buildSettings = {
				BUNDLE_LOADER = "$(TEST_HOST)";
				CODE_SIGN_STYLE = Automatic;
				DEVELOPMENT_TEAM = D24ENP83QQ;
				GENERATE_INFOPLIST_FILE = YES;
				LD_RUNPATH_SEARCH_PATHS = (
					"$(inherited)",
					"@executable_path/Frameworks",
					"@loader_path/Frameworks",
				);
				PRODUCT_BUNDLE_IDENTIFIER = com.schabbauer.AMSPara.ScreenTests;
				PRODUCT_NAME = ParagonUITests;
				SDKROOT = auto;
				SUPPORTED_PLATFORMS = "iphoneos iphonesimulator macosx";
				SUPPORTS_MACCATALYST = NO;
				SUPPORTS_MAC_DESIGNED_FOR_IPHONE_IPAD = NO;
				SUPPORTS_XR_DESIGNED_FOR_IPHONE_IPAD = YES;
				SWIFT_VERSION = 5.0;
				TARGETED_DEVICE_FAMILY = "1,2";
				TEST_TARGET_NAME = Paragon;
			};
			name = Release;
		};
		611E91B4BB29FF62FD9C7B29 /* Release */ = {
			isa = XCBuildConfiguration;
			buildSettings = {
				ALWAYS_SEARCH_USER_PATHS = NO;
				CLANG_ANALYZER_NONNULL = YES;
				CLANG_ANALYZER_NUMBER_OBJECT_CONVERSION = YES_AGGRESSIVE;
				CLANG_CXX_LANGUAGE_STANDARD = "gnu++14";
				CLANG_CXX_LIBRARY = "libc++";
				CLANG_ENABLE_MODULES = YES;
				CLANG_ENABLE_OBJC_ARC = YES;
				CLANG_ENABLE_OBJC_WEAK = YES;
				CLANG_WARN_BLOCK_CAPTURE_AUTORELEASING = YES;
				CLANG_WARN_BOOL_CONVERSION = YES;
				CLANG_WARN_COMMA = YES;
				CLANG_WARN_CONSTANT_CONVERSION = YES;
				CLANG_WARN_DEPRECATED_OBJC_IMPLEMENTATIONS = YES;
				CLANG_WARN_DIRECT_OBJC_ISA_USAGE = YES_ERROR;
				CLANG_WARN_DOCUMENTATION_COMMENTS = YES;
				CLANG_WARN_EMPTY_BODY = YES;
				CLANG_WARN_ENUM_CONVERSION = YES;
				CLANG_WARN_INFINITE_RECURSION = YES;
				CLANG_WARN_INT_CONVERSION = YES;
				CLANG_WARN_NON_LITERAL_NULL_CONVERSION = YES;
				CLANG_WARN_OBJC_IMPLICIT_RETAIN_SELF = YES;
				CLANG_WARN_OBJC_LITERAL_CONVERSION = YES;
				CLANG_WARN_OBJC_ROOT_CLASS = YES_ERROR;
				CLANG_WARN_QUOTED_INCLUDE_IN_FRAMEWORK_HEADER = YES;
				CLANG_WARN_RANGE_LOOP_ANALYSIS = YES;
				CLANG_WARN_STRICT_PROTOTYPES = YES;
				CLANG_WARN_SUSPICIOUS_MOVE = YES;
				CLANG_WARN_UNGUARDED_AVAILABILITY = YES_AGGRESSIVE;
				CLANG_WARN_UNREACHABLE_CODE = YES;
				CLANG_WARN__DUPLICATE_METHOD_MATCH = YES;
				COPY_PHASE_STRIP = NO;
				DEBUG_INFORMATION_FORMAT = "dwarf-with-dsym";
				ENABLE_NS_ASSERTIONS = NO;
				ENABLE_STRICT_OBJC_MSGSEND = YES;
				GCC_C_LANGUAGE_STANDARD = gnu11;
				GCC_NO_COMMON_BLOCKS = YES;
				GCC_WARN_64_TO_32_BIT_CONVERSION = YES;
				GCC_WARN_ABOUT_RETURN_TYPE = YES_ERROR;
				GCC_WARN_UNDECLARED_SELECTOR = YES;
				GCC_WARN_UNINITIALIZED_AUTOS = YES_AGGRESSIVE;
				GCC_WARN_UNUSED_FUNCTION = YES;
				GCC_WARN_UNUSED_VARIABLE = YES;
				IPHONEOS_DEPLOYMENT_TARGET = 17.0;
				MACOSX_DEPLOYMENT_TARGET = 14.0;
				MTL_ENABLE_DEBUG_INFO = NO;
				MTL_FAST_MATH = YES;
				PRODUCT_NAME = "$(TARGET_NAME)";
				SWIFT_COMPILATION_MODE = wholemodule;
				SWIFT_OPTIMIZATION_LEVEL = "-O";
				SWIFT_VERSION = 5.0;
			};
			name = Release;
		};
		63EC92AC4812411B6E429FE9 /* Release */ = {
			isa = XCBuildConfiguration;
			buildSettings = {
				CODE_SIGN_ENTITLEMENTS = App/Config/ParagonWidgets/ParagonWidgets.entitlements;
				"CODE_SIGN_ENTITLEMENTS[sdk=macosx*]" = "App/Config/ParagonWidgets/ParagonWidgets-macOS.entitlements";
				CODE_SIGN_STYLE = Automatic;
				CURRENT_PROJECT_VERSION = 1;
				DEVELOPMENT_TEAM = D24ENP83QQ;
				GENERATE_INFOPLIST_FILE = NO;
				INFOPLIST_FILE = App/Config/ParagonWidgets/Info.plist;
				LD_RUNPATH_SEARCH_PATHS = (
					"$(inherited)",
					"@executable_path/Frameworks",
					"@executable_path/../../Frameworks",
				);
				MARKETING_VERSION = 0.1.0;
				PRODUCT_BUNDLE_IDENTIFIER = com.schabbauer.AMSPara.Widgets;
				SDKROOT = auto;
				SKIP_INSTALL = YES;
				SUPPORTED_PLATFORMS = "iphoneos iphonesimulator macosx";
				SUPPORTS_MACCATALYST = NO;
				SUPPORTS_MAC_DESIGNED_FOR_IPHONE_IPAD = NO;
				SUPPORTS_XR_DESIGNED_FOR_IPHONE_IPAD = YES;
				SWIFT_VERSION = 5.0;
				TARGETED_DEVICE_FAMILY = "1,2";
			};
			name = Release;
		};
		653BD82619A22A4DB1623302 /* Debug */ = {
			isa = XCBuildConfiguration;
			buildSettings = {
				BUNDLE_LOADER = "$(TEST_HOST)";
				CODE_SIGN_STYLE = Automatic;
				DEVELOPMENT_TEAM = D24ENP83QQ;
				GENERATE_INFOPLIST_FILE = YES;
				LD_RUNPATH_SEARCH_PATHS = (
					"$(inherited)",
					"@executable_path/Frameworks",
					"@loader_path/Frameworks",
				);
				PRODUCT_BUNDLE_IDENTIFIER = com.schabbauer.AMSPara.ScreenTests;
				PRODUCT_NAME = ParagonUITests;
				SDKROOT = auto;
				SUPPORTED_PLATFORMS = "iphoneos iphonesimulator macosx";
				SUPPORTS_MACCATALYST = NO;
				SUPPORTS_MAC_DESIGNED_FOR_IPHONE_IPAD = NO;
				SUPPORTS_XR_DESIGNED_FOR_IPHONE_IPAD = YES;
				SWIFT_VERSION = 5.0;
				TARGETED_DEVICE_FAMILY = "1,2";
				TEST_TARGET_NAME = Paragon;
			};
			name = Debug;
		};
		99524158D64945EF98D859B6 /* Debug */ = {
			isa = XCBuildConfiguration;
			buildSettings = {
				CODE_SIGN_ENTITLEMENTS = App/Config/ParagonShare/ParagonShare.entitlements;
				CODE_SIGN_STYLE = Automatic;
				CURRENT_PROJECT_VERSION = 1;
				DEVELOPMENT_TEAM = D24ENP83QQ;
				GENERATE_INFOPLIST_FILE = NO;
				INFOPLIST_FILE = App/Config/ParagonShare/Info.plist;
				LD_RUNPATH_SEARCH_PATHS = (
					"$(inherited)",
					"@executable_path/Frameworks",
					"@executable_path/../../Frameworks",
				);
				MARKETING_VERSION = 0.1.0;
				PRODUCT_BUNDLE_IDENTIFIER = com.schabbauer.AMSPara.Share;
				SDKROOT = iphoneos;
				SKIP_INSTALL = YES;
				SWIFT_VERSION = 5.0;
				TARGETED_DEVICE_FAMILY = "1,2";
			};
			name = Debug;
		};
		ACA13FBC8A8DFD3B6CE92988 /* Debug */ = {
			isa = XCBuildConfiguration;
			buildSettings = {
				CODE_SIGN_ENTITLEMENTS = App/Config/ParagonWidgets/ParagonWidgets.entitlements;
				"CODE_SIGN_ENTITLEMENTS[sdk=macosx*]" = "App/Config/ParagonWidgets/ParagonWidgets-macOS.entitlements";
				CODE_SIGN_STYLE = Automatic;
				CURRENT_PROJECT_VERSION = 1;
				DEVELOPMENT_TEAM = D24ENP83QQ;
				GENERATE_INFOPLIST_FILE = NO;
				INFOPLIST_FILE = App/Config/ParagonWidgets/Info.plist;
				LD_RUNPATH_SEARCH_PATHS = (
					"$(inherited)",
					"@executable_path/Frameworks",
					"@executable_path/../../Frameworks",
				);
				MARKETING_VERSION = 0.1.0;
				PRODUCT_BUNDLE_IDENTIFIER = com.schabbauer.AMSPara.Widgets;
				SDKROOT = auto;
				SKIP_INSTALL = YES;
				SUPPORTED_PLATFORMS = "iphoneos iphonesimulator macosx";
				SUPPORTS_MACCATALYST = NO;
				SUPPORTS_MAC_DESIGNED_FOR_IPHONE_IPAD = NO;
				SUPPORTS_XR_DESIGNED_FOR_IPHONE_IPAD = YES;
				SWIFT_VERSION = 5.0;
				TARGETED_DEVICE_FAMILY = "1,2";
			};
			name = Debug;
		};
		ECEC8A9F59E64CE150A5087B /* Release */ = {
			isa = XCBuildConfiguration;
			buildSettings = {
				ASSETCATALOG_COMPILER_APPICON_NAME = AppIcon;
				CODE_SIGN_ENTITLEMENTS = App/Config/Paragon/Paragon.entitlements;
				"CODE_SIGN_ENTITLEMENTS[sdk=macosx*]" = "App/Config/Paragon/Paragon-macOS.entitlements";
				CODE_SIGN_IDENTITY = "iPhone Developer";
				CODE_SIGN_STYLE = Automatic;
				CURRENT_PROJECT_VERSION = 1;
				DEVELOPMENT_TEAM = D24ENP83QQ;
				ENABLE_HARDENED_RUNTIME = YES;
				GENERATE_INFOPLIST_FILE = NO;
				INFOPLIST_FILE = App/Config/Paragon/Info.plist;
				LD_RUNPATH_SEARCH_PATHS = (
					"$(inherited)",
					"@executable_path/Frameworks",
				);
				MARKETING_VERSION = 0.1.0;
				PRODUCT_BUNDLE_IDENTIFIER = com.schabbauer.AMSPara;
				PRODUCT_NAME = PARAGON;
				SDKROOT = auto;
				SUPPORTED_PLATFORMS = "iphoneos iphonesimulator macosx";
				SUPPORTS_MACCATALYST = NO;
				SUPPORTS_MAC_DESIGNED_FOR_IPHONE_IPAD = NO;
				SUPPORTS_XR_DESIGNED_FOR_IPHONE_IPAD = YES;
				SWIFT_VERSION = 5.0;
				TARGETED_DEVICE_FAMILY = "1,2";
			};
			name = Release;
		};
		F26C624F83D97C88CB105336 /* Debug */ = {
			isa = XCBuildConfiguration;
			buildSettings = {
				ALWAYS_SEARCH_USER_PATHS = NO;
				CLANG_ANALYZER_NONNULL = YES;
				CLANG_ANALYZER_NUMBER_OBJECT_CONVERSION = YES_AGGRESSIVE;
				CLANG_CXX_LANGUAGE_STANDARD = "gnu++14";
				CLANG_CXX_LIBRARY = "libc++";
				CLANG_ENABLE_MODULES = YES;
				CLANG_ENABLE_OBJC_ARC = YES;
				CLANG_ENABLE_OBJC_WEAK = YES;
				CLANG_WARN_BLOCK_CAPTURE_AUTORELEASING = YES;
				CLANG_WARN_BOOL_CONVERSION = YES;
				CLANG_WARN_COMMA = YES;
				CLANG_WARN_CONSTANT_CONVERSION = YES;
				CLANG_WARN_DEPRECATED_OBJC_IMPLEMENTATIONS = YES;
				CLANG_WARN_DIRECT_OBJC_ISA_USAGE = YES_ERROR;
				CLANG_WARN_DOCUMENTATION_COMMENTS = YES;
				CLANG_WARN_EMPTY_BODY = YES;
				CLANG_WARN_ENUM_CONVERSION = YES;
				CLANG_WARN_INFINITE_RECURSION = YES;
				CLANG_WARN_INT_CONVERSION = YES;
				CLANG_WARN_NON_LITERAL_NULL_CONVERSION = YES;
				CLANG_WARN_OBJC_IMPLICIT_RETAIN_SELF = YES;
				CLANG_WARN_OBJC_LITERAL_CONVERSION = YES;
				CLANG_WARN_OBJC_ROOT_CLASS = YES_ERROR;
				CLANG_WARN_QUOTED_INCLUDE_IN_FRAMEWORK_HEADER = YES;
				CLANG_WARN_RANGE_LOOP_ANALYSIS = YES;
				CLANG_WARN_STRICT_PROTOTYPES = YES;
				CLANG_WARN_SUSPICIOUS_MOVE = YES;
				CLANG_WARN_UNGUARDED_AVAILABILITY = YES_AGGRESSIVE;
				CLANG_WARN_UNREACHABLE_CODE = YES;
				CLANG_WARN__DUPLICATE_METHOD_MATCH = YES;
				COPY_PHASE_STRIP = NO;
				DEBUG_INFORMATION_FORMAT = dwarf;
				ENABLE_STRICT_OBJC_MSGSEND = YES;
				ENABLE_TESTABILITY = YES;
				GCC_C_LANGUAGE_STANDARD = gnu11;
				GCC_DYNAMIC_NO_PIC = NO;
				GCC_NO_COMMON_BLOCKS = YES;
				GCC_OPTIMIZATION_LEVEL = 0;
				GCC_PREPROCESSOR_DEFINITIONS = (
					"$(inherited)",
					"DEBUG=1",
				);
				GCC_WARN_64_TO_32_BIT_CONVERSION = YES;
				GCC_WARN_ABOUT_RETURN_TYPE = YES_ERROR;
				GCC_WARN_UNDECLARED_SELECTOR = YES;
				GCC_WARN_UNINITIALIZED_AUTOS = YES_AGGRESSIVE;
				GCC_WARN_UNUSED_FUNCTION = YES;
				GCC_WARN_UNUSED_VARIABLE = YES;
				IPHONEOS_DEPLOYMENT_TARGET = 17.0;
				MACOSX_DEPLOYMENT_TARGET = 14.0;
				MTL_ENABLE_DEBUG_INFO = INCLUDE_SOURCE;
				MTL_FAST_MATH = YES;
				ONLY_ACTIVE_ARCH = YES;
				PRODUCT_NAME = "$(TARGET_NAME)";
				SWIFT_ACTIVE_COMPILATION_CONDITIONS = DEBUG;
				SWIFT_OPTIMIZATION_LEVEL = "-Onone";
				SWIFT_VERSION = 5.0;
			};
			name = Debug;
		};
/* End XCBuildConfiguration section */

/* Begin XCConfigurationList section */
		7473B3793B11DDF07233FDB0 /* Build configuration list for PBXProject "Paragon" */ = {
			isa = XCConfigurationList;
			buildConfigurations = (
				F26C624F83D97C88CB105336 /* Debug */,
				611E91B4BB29FF62FD9C7B29 /* Release */,
			);
			defaultConfigurationIsVisible = 0;
			defaultConfigurationName = Debug;
		};
		9966875960BD6333B341EBD9 /* Build configuration list for PBXNativeTarget "Paragon" */ = {
			isa = XCConfigurationList;
			buildConfigurations = (
				1D3D48FE03FC11BDE9D1EF7D /* Debug */,
				ECEC8A9F59E64CE150A5087B /* Release */,
			);
			defaultConfigurationIsVisible = 0;
			defaultConfigurationName = Debug;
		};
		A3485FD07CE597EFBF394A55 /* Build configuration list for PBXNativeTarget "ParagonShare" */ = {
			isa = XCConfigurationList;
			buildConfigurations = (
				99524158D64945EF98D859B6 /* Debug */,
				01592B86CBB79FC18C358B30 /* Release */,
			);
			defaultConfigurationIsVisible = 0;
			defaultConfigurationName = Debug;
		};
		AA7D661A5E43D84815A621E1 /* Build configuration list for PBXNativeTarget "ParagonUITests" */ = {
			isa = XCConfigurationList;
			buildConfigurations = (
				653BD82619A22A4DB1623302 /* Debug */,
				2FD8668999A7E318D4BBF86B /* Release */,
			);
			defaultConfigurationIsVisible = 0;
			defaultConfigurationName = Debug;
		};
		CA7AFCBB0A9840807E2090CE /* Build configuration list for PBXNativeTarget "ParagonWidgets" */ = {
			isa = XCConfigurationList;
			buildConfigurations = (
				ACA13FBC8A8DFD3B6CE92988 /* Debug */,
				63EC92AC4812411B6E429FE9 /* Release */,
			);
			defaultConfigurationIsVisible = 0;
			defaultConfigurationName = Debug;
		};
/* End XCConfigurationList section */

/* Begin XCLocalSwiftPackageReference section */
		8EE218265CE233628555BBB3 /* XCLocalSwiftPackageReference "Core" */ = {
			isa = XCLocalSwiftPackageReference;
			relativePath = Core;
		};
/* End XCLocalSwiftPackageReference section */

/* Begin XCSwiftPackageProductDependency section */
		972619FBA5280A0A9364E4D7 /* ParagonCore */ = {
			isa = XCSwiftPackageProductDependency;
			productName = ParagonCore;
		};
		B5861B3AD6F50041A1F8A8B9 /* ParagonCore */ = {
			isa = XCSwiftPackageProductDependency;
			productName = ParagonCore;
		};
		F7C362F03D42E9BC8FBE7A65 /* ParagonCore */ = {
			isa = XCSwiftPackageProductDependency;
			productName = ParagonCore;
		};
/* End XCSwiftPackageProductDependency section */
	};
	rootObject = E443F4D613DDF4FD685C9FC3 /* Project object */;
}
